
Microsoft Visual Studio Solution File, Format Version 12.00
# Visual Studio Version 17
VisualStudioVersion = 17.5.33530.505
MinimumVisualStudioVersion = 10.0.40219.1
Project("{8BC9CEB8-8B4A-11D0-8D11-00A0C91BC942}") = "number_range_check", "number_range_check\number_range_check.vcxproj", "{64520C82-F42E-4CAB-BF5D-9069734EEFB6}"
EndProject
Global
	GlobalSection(SolutionConfigurationPlatforms) = preSolution
		Debug|x64 = Debug|x64
		Debug|x86 = Debug|x86
		Release|x64 = Release|x64
		Release|x86 = Release|x86
	EndGlobalSection
	GlobalSection(ProjectConfigurationPlatforms) = postSolution
		{64520C82-F42E-4CAB-BF5D-9069734EEFB6}.Debug|x64.ActiveCfg = Debug|x64
		{64520C82-F42E-4CAB-BF5D-9069734EEFB6}.Debug|x64.Build.0 = Debug|x64
		{64520C82-F42E-4CAB-BF5D-9069734EEFB6}.Debug|x86.ActiveCfg = Debug|Win32
		{64520C82-F42E-4CAB-BF5D-9069734EEFB6}.Debug|x86.Build.0 = Debug|Win32
		{64520C82-F42E-4CAB-BF5D-9069734EEFB6}.Release|x64.ActiveCfg = Release|x64
		{64520C82-F42E-4CAB-BF5D-9069734EEFB6}.Release|x64.Build.0 = Release|x64
		{64520C82-F42E-4CAB-BF5D-9069734EEFB6}.Release|x86.ActiveCfg = Release|Win32
		{64520C82-F42E-4CAB-BF5D-9069734EEFB6}.Release|x86.Build.0 = Release|Win32
	EndGlobalSection
	GlobalSection(SolutionProperties) = preSolution
		HideSolutionNode = FALSE
	EndGlobalSection
	GlobalSection(ExtensibilityGlobals) = postSolution
		SolutionGuid = {6777E87E-E41A-445A-A1E7-17CF3218E54C}
	EndGlobalSection
EndGlobal
